// !$*UTF8*$!
{
	archiveVersion = 1;
	classes = {
	};
	objectVersion = 55;
	objects = {

/* Begin PBXBuildFile section */
		321C1A5E27941335001D9AB7 /* Tests_iOS.swift in Sources */ = {isa = PBXBuildFile; fileRef = 321C1A5D27941335001D9AB7 /* Tests_iOS.swift */; };
		321C1A6027941335001D9AB7 /* Tests_iOSLaunchTests.swift in Sources */ = {isa = PBXBuildFile; fileRef = 321C1A5F27941335001D9AB7 /* Tests_iOSLaunchTests.swift */; };
		321C1A6A27941335001D9AB7 /* Tests_macOS.swift in Sources */ = {isa = PBXBuildFile; fileRef = 321C1A6927941335001D9AB7 /* Tests_macOS.swift */; };
		321C1A6C27941335001D9AB7 /* Tests_macOSLaunchTests.swift in Sources */ = {isa = PBXBuildFile; fileRef = 321C1A6B27941335001D9AB7 /* Tests_macOSLaunchTests.swift */; };
		321C1A6D27941335001D9AB7 /* TrainingApp.swift in Sources */ = {isa = PBXBuildFile; fileRef = 321C1A4527941334001D9AB7 /* TrainingApp.swift */; };
		321C1A6E27941335001D9AB7 /* TrainingApp.swift in Sources */ = {isa = PBXBuildFile; fileRef = 321C1A4527941334001D9AB7 /* TrainingApp.swift */; };
		321C1A6F27941335001D9AB7 /* ContentView.swift in Sources */ = {isa = PBXBuildFile; fileRef = 321C1A4627941334001D9AB7 /* ContentView.swift */; };
		321C1A7027941335001D9AB7 /* ContentView.swift in Sources */ = {isa = PBXBuildFile; fileRef = 321C1A4627941334001D9AB7 /* ContentView.swift */; };
		321C1A7127941335001D9AB7 /* Assets.xcassets in Resources */ = {isa = PBXBuildFile; fileRef = 321C1A4727941335001D9AB7 /* Assets.xcassets */; };
		321C1A7227941335001D9AB7 /* Assets.xcassets in Resources */ = {isa = PBXBuildFile; fileRef = 321C1A4727941335001D9AB7 /* Assets.xcassets */; };
		321C1A83279413B3001D9AB7 /* YumemiWeather in Frameworks */ = {isa = PBXBuildFile; productRef = 321C1A82279413B3001D9AB7 /* YumemiWeather */; };
		53952F82AAEDAD44C42ED776 /* Pods_Training__iOS_.framework in Frameworks */ = {isa = PBXBuildFile; fileRef = 5DBAC756F559F9543432A634 /* Pods_Training__iOS_.framework */; };
		FC228492C28B1164034BF293 /* Pods_Training__macOS_.framework in Frameworks */ = {isa = PBXBuildFile; fileRef = 9EB8F84FB59370CECADD6E85 /* Pods_Training__macOS_.framework */; };
/* End PBXBuildFile section */

/* Begin PBXContainerItemProxy section */
		321C1A5A27941335001D9AB7 /* PBXContainerItemProxy */ = {
			isa = PBXContainerItemProxy;
			containerPortal = 321C1A4027941334001D9AB7 /* Project object */;
			proxyType = 1;
			remoteGlobalIDString = 321C1A4B27941335001D9AB7;
			remoteInfo = "Training (iOS)";
		};
		321C1A6627941335001D9AB7 /* PBXContainerItemProxy */ = {
			isa = PBXContainerItemProxy;
			containerPortal = 321C1A4027941334001D9AB7 /* Project object */;
			proxyType = 1;
			remoteGlobalIDString = 321C1A5127941335001D9AB7;
			remoteInfo = "Training (macOS)";
		};
/* End PBXContainerItemProxy section */

/* Begin PBXFileReference section */
		2FAC1AEFD8046876552A48B1 /* Pods-Training (macOS).debug.xcconfig */ = {isa = PBXFileReference; includeInIndex = 1; lastKnownFileType = text.xcconfig; name = "Pods-Training (macOS).debug.xcconfig"; path = "Target Support Files/Pods-Training (macOS)/Pods-Training (macOS).debug.xcconfig"; sourceTree = "<group>"; };
		321C1A4527941334001D9AB7 /* TrainingApp.swift */ = {isa = PBXFileReference; lastKnownFileType = sourcecode.swift; path = TrainingApp.swift; sourceTree = "<group>"; };
		321C1A4627941334001D9AB7 /* ContentView.swift */ = {isa = PBXFileReference; lastKnownFileType = sourcecode.swift; path = ContentView.swift; sourceTree = "<group>"; };
		321C1A4727941335001D9AB7 /* Assets.xcassets */ = {isa = PBXFileReference; lastKnownFileType = folder.assetcatalog; path = Assets.xcassets; sourceTree = "<group>"; };
		321C1A4C27941335001D9AB7 /* Training.app */ = {isa = PBXFileReference; explicitFileType = wrapper.application; includeInIndex = 0; path = Training.app; sourceTree = BUILT_PRODUCTS_DIR; };
		321C1A5227941335001D9AB7 /* Training.app */ = {isa = PBXFileReference; explicitFileType = wrapper.application; includeInIndex = 0; path = Training.app; sourceTree = BUILT_PRODUCTS_DIR; };
		321C1A5427941335001D9AB7 /* macOS.entitlements */ = {isa = PBXFileReference; lastKnownFileType = text.plist.entitlements; path = macOS.entitlements; sourceTree = "<group>"; };
		321C1A5927941335001D9AB7 /* Tests iOS.xctest */ = {isa = PBXFileReference; explicitFileType = wrapper.cfbundle; includeInIndex = 0; path = "Tests iOS.xctest"; sourceTree = BUILT_PRODUCTS_DIR; };
		321C1A5D27941335001D9AB7 /* Tests_iOS.swift */ = {isa = PBXFileReference; lastKnownFileType = sourcecode.swift; path = Tests_iOS.swift; sourceTree = "<group>"; };
		321C1A5F27941335001D9AB7 /* Tests_iOSLaunchTests.swift */ = {isa = PBXFileReference; lastKnownFileType = sourcecode.swift; path = Tests_iOSLaunchTests.swift; sourceTree = "<group>"; };
		321C1A6527941335001D9AB7 /* Tests macOS.xctest */ = {isa = PBXFileReference; explicitFileType = wrapper.cfbundle; includeInIndex = 0; path = "Tests macOS.xctest"; sourceTree = BUILT_PRODUCTS_DIR; };
		321C1A6927941335001D9AB7 /* Tests_macOS.swift */ = {isa = PBXFileReference; lastKnownFileType = sourcecode.swift; path = Tests_macOS.swift; sourceTree = "<group>"; };
		321C1A6B27941335001D9AB7 /* Tests_macOSLaunchTests.swift */ = {isa = PBXFileReference; lastKnownFileType = sourcecode.swift; path = Tests_macOSLaunchTests.swift; sourceTree = "<group>"; };
		5DBAC756F559F9543432A634 /* Pods_Training__iOS_.framework */ = {isa = PBXFileReference; explicitFileType = wrapper.framework; includeInIndex = 0; path = Pods_Training__iOS_.framework; sourceTree = BUILT_PRODUCTS_DIR; };
		6DF7819581314E3FA3C9D95B /* Pods-Training (macOS).release.xcconfig */ = {isa = PBXFileReference; includeInIndex = 1; lastKnownFileType = text.xcconfig; name = "Pods-Training (macOS).release.xcconfig"; path = "Target Support Files/Pods-Training (macOS)/Pods-Training (macOS).release.xcconfig"; sourceTree = "<group>"; };
		7EC28F85265AC1B96B859BF3 /* Pods-Training (iOS).release.xcconfig */ = {isa = PBXFileReference; includeInIndex = 1; lastKnownFileType = text.xcconfig; name = "Pods-Training (iOS).release.xcconfig"; path = "Target Support Files/Pods-Training (iOS)/Pods-Training (iOS).release.xcconfig"; sourceTree = "<group>"; };
		9AF62437E60758073EA018BF /* Pods-Training (iOS).debug.xcconfig */ = {isa = PBXFileReference; includeInIndex = 1; lastKnownFileType = text.xcconfig; name = "Pods-Training (iOS).debug.xcconfig"; path = "Target Support Files/Pods-Training (iOS)/Pods-Training (iOS).debug.xcconfig"; sourceTree = "<group>"; };
		9EB8F84FB59370CECADD6E85 /* Pods_Training__macOS_.framework */ = {isa = PBXFileReference; explicitFileType = wrapper.framework; includeInIndex = 0; path = Pods_Training__macOS_.framework; sourceTree = BUILT_PRODUCTS_DIR; };
/* End PBXFileReference section */

/* Begin PBXFrameworksBuildPhase section */
		321C1A4927941335001D9AB7 /* Frameworks */ = {
			isa = PBXFrameworksBuildPhase;
			buildActionMask = 2147483647;
			files = (
				321C1A83279413B3001D9AB7 /* YumemiWeather in Frameworks */,
				53952F82AAEDAD44C42ED776 /* Pods_Training__iOS_.framework in Frameworks */,
			);
			runOnlyForDeploymentPostprocessing = 0;
		};
		321C1A4F27941335001D9AB7 /* Frameworks */ = {
			isa = PBXFrameworksBuildPhase;
			buildActionMask = 2147483647;
			files = (
				FC228492C28B1164034BF293 /* Pods_Training__macOS_.framework in Frameworks */,
			);
			runOnlyForDeploymentPostprocessing = 0;
		};
		321C1A5627941335001D9AB7 /* Frameworks */ = {
			isa = PBXFrameworksBuildPhase;
			buildActionMask = 2147483647;
			files = (
			);
			runOnlyForDeploymentPostprocessing = 0;
		};
		321C1A6227941335001D9AB7 /* Frameworks */ = {
			isa = PBXFrameworksBuildPhase;
			buildActionMask = 2147483647;
			files = (
			);
			runOnlyForDeploymentPostprocessing = 0;
		};
/* End PBXFrameworksBuildPhase section */

/* Begin PBXGroup section */
		074267C47F65A354F52C754A /* Frameworks */ = {
			isa = PBXGroup;
			children = (
				5DBAC756F559F9543432A634 /* Pods_Training__iOS_.framework */,
				9EB8F84FB59370CECADD6E85 /* Pods_Training__macOS_.framework */,
			);
			name = Frameworks;
			sourceTree = "<group>";
		};
		321C1A3F27941334001D9AB7 = {
			isa = PBXGroup;
			children = (
				321C1A4427941334001D9AB7 /* Shared */,
				321C1A5327941335001D9AB7 /* macOS */,
				321C1A5C27941335001D9AB7 /* Tests iOS */,
				321C1A6827941335001D9AB7 /* Tests macOS */,
				321C1A4D27941335001D9AB7 /* Products */,
				32E41FFF939727528A6B722E /* Pods */,
				074267C47F65A354F52C754A /* Frameworks */,
			);
			sourceTree = "<group>";
		};
		321C1A4427941334001D9AB7 /* Shared */ = {
			isa = PBXGroup;
			children = (
				321C1A4527941334001D9AB7 /* TrainingApp.swift */,
				321C1A4627941334001D9AB7 /* ContentView.swift */,
				321C1A4727941335001D9AB7 /* Assets.xcassets */,
			);
			path = Shared;
			sourceTree = "<group>";
		};
		321C1A4D27941335001D9AB7 /* Products */ = {
			isa = PBXGroup;
			children = (
				321C1A4C27941335001D9AB7 /* Training.app */,
				321C1A5227941335001D9AB7 /* Training.app */,
				321C1A5927941335001D9AB7 /* Tests iOS.xctest */,
				321C1A6527941335001D9AB7 /* Tests macOS.xctest */,
			);
			name = Products;
			sourceTree = "<group>";
		};
		321C1A5327941335001D9AB7 /* macOS */ = {
			isa = PBXGroup;
			children = (
				321C1A5427941335001D9AB7 /* macOS.entitlements */,
			);
			path = macOS;
			sourceTree = "<group>";
		};
		321C1A5C27941335001D9AB7 /* Tests iOS */ = {
			isa = PBXGroup;
			children = (
				321C1A5D27941335001D9AB7 /* Tests_iOS.swift */,
				321C1A5F27941335001D9AB7 /* Tests_iOSLaunchTests.swift */,
			);
			path = "Tests iOS";
			sourceTree = "<group>";
		};
		321C1A6827941335001D9AB7 /* Tests macOS */ = {
			isa = PBXGroup;
			children = (
				321C1A6927941335001D9AB7 /* Tests_macOS.swift */,
				321C1A6B27941335001D9AB7 /* Tests_macOSLaunchTests.swift */,
			);
			path = "Tests macOS";
			sourceTree = "<group>";
		};
		32E41FFF939727528A6B722E /* Pods */ = {
			isa = PBXGroup;
			children = (
				9AF62437E60758073EA018BF /* Pods-Training (iOS).debug.xcconfig */,
				7EC28F85265AC1B96B859BF3 /* Pods-Training (iOS).release.xcconfig */,
				2FAC1AEFD8046876552A48B1 /* Pods-Training (macOS).debug.xcconfig */,
				6DF7819581314E3FA3C9D95B /* Pods-Training (macOS).release.xcconfig */,
			);
			name = Pods;
			path = Pods;
			sourceTree = "<group>";
		};
/* End PBXGroup section */

/* Begin PBXNativeTarget section */
		321C1A4B27941335001D9AB7 /* Training (iOS) */ = {
			isa = PBXNativeTarget;
			buildConfigurationList = 321C1A7527941335001D9AB7 /* Build configuration list for PBXNativeTarget "Training (iOS)" */;
			buildPhases = (
				7DDB5A738A1046F21BBBB3BA /* [CP] Check Pods Manifest.lock */,
				321C1A4827941335001D9AB7 /* Sources */,
				321C1A4927941335001D9AB7 /* Frameworks */,
				321C1A4A27941335001D9AB7 /* Resources */,
			);
			buildRules = (
			);
			dependencies = (
			);
			name = "Training (iOS)";
			packageProductDependencies = (
				321C1A82279413B3001D9AB7 /* YumemiWeather */,
			);
			productName = "Training (iOS)";
			productReference = 321C1A4C27941335001D9AB7 /* Training.app */;
			productType = "com.apple.product-type.application";
		};
		321C1A5127941335001D9AB7 /* Training (macOS) */ = {
			isa = PBXNativeTarget;
			buildConfigurationList = 321C1A7827941335001D9AB7 /* Build configuration list for PBXNativeTarget "Training (macOS)" */;
			buildPhases = (
				A3297E47AB7362E407FB333B /* [CP] Check Pods Manifest.lock */,
				321C1A4E27941335001D9AB7 /* Sources */,
				321C1A4F27941335001D9AB7 /* Frameworks */,
				321C1A5027941335001D9AB7 /* Resources */,
			);
			buildRules = (
			);
			dependencies = (
			);
			name = "Training (macOS)";
			productName = "Training (macOS)";
			productReference = 321C1A5227941335001D9AB7 /* Training.app */;
			productType = "com.apple.product-type.application";
		};
		321C1A5827941335001D9AB7 /* Tests iOS */ = {
			isa = PBXNativeTarget;
			buildConfigurationList = 321C1A7B27941335001D9AB7 /* Build configuration list for PBXNativeTarget "Tests iOS" */;
			buildPhases = (
				321C1A5527941335001D9AB7 /* Sources */,
				321C1A5627941335001D9AB7 /* Frameworks */,
				321C1A5727941335001D9AB7 /* Resources */,
			);
			buildRules = (
			);
			dependencies = (
				321C1A5B27941335001D9AB7 /* PBXTargetDependency */,
			);
			name = "Tests iOS";
			productName = "Tests iOS";
			productReference = 321C1A5927941335001D9AB7 /* Tests iOS.xctest */;
			productType = "com.apple.product-type.bundle.ui-testing";
		};
		321C1A6427941335001D9AB7 /* Tests macOS */ = {
			isa = PBXNativeTarget;
			buildConfigurationList = 321C1A7E27941335001D9AB7 /* Build configuration list for PBXNativeTarget "Tests macOS" */;
			buildPhases = (
				321C1A6127941335001D9AB7 /* Sources */,
				321C1A6227941335001D9AB7 /* Frameworks */,
				321C1A6327941335001D9AB7 /* Resources */,
			);
			buildRules = (
			);
			dependencies = (
				321C1A6727941335001D9AB7 /* PBXTargetDependency */,
			);
			name = "Tests macOS";
			productName = "Tests macOS";
			productReference = 321C1A6527941335001D9AB7 /* Tests macOS.xctest */;
			productType = "com.apple.product-type.bundle.ui-testing";
		};
/* End PBXNativeTarget section */

/* Begin PBXProject section */
		321C1A4027941334001D9AB7 /* Project object */ = {
			isa = PBXProject;
			attributes = {
				BuildIndependentTargetsInParallel = 1;
				LastSwiftUpdateCheck = 1320;
				LastUpgradeCheck = 1320;
				TargetAttributes = {
					321C1A4B27941335001D9AB7 = {
						CreatedOnToolsVersion = 13.2.1;
					};
					321C1A5127941335001D9AB7 = {
						CreatedOnToolsVersion = 13.2.1;
					};
					321C1A5827941335001D9AB7 = {
						CreatedOnToolsVersion = 13.2.1;
						TestTargetID = 321C1A4B27941335001D9AB7;
					};
					321C1A6427941335001D9AB7 = {
						CreatedOnToolsVersion = 13.2.1;
						TestTargetID = 321C1A5127941335001D9AB7;
					};
				};
			};
			buildConfigurationList = 321C1A4327941334001D9AB7 /* Build configuration list for PBXProject "Training" */;
			compatibilityVersion = "Xcode 13.0";
			developmentRegion = en;
			hasScannedForEncodings = 0;
			knownRegions = (
				en,
				Base,
			);
			mainGroup = 321C1A3F27941334001D9AB7;
			packageReferences = (
				321C1A81279413B3001D9AB7 /* XCRemoteSwiftPackageReference "ios-training.git" */,
			);
			productRefGroup = 321C1A4D27941335001D9AB7 /* Products */;
			projectDirPath = "";
			projectRoot = "";
			targets = (
				321C1A4B27941335001D9AB7 /* Training (iOS) */,
				321C1A5127941335001D9AB7 /* Training (macOS) */,
				321C1A5827941335001D9AB7 /* Tests iOS */,
				321C1A6427941335001D9AB7 /* Tests macOS */,
			);
		};
/* End PBXProject section */

/* Begin PBXResourcesBuildPhase section */
		321C1A4A27941335001D9AB7 /* Resources */ = {
			isa = PBXResourcesBuildPhase;
			buildActionMask = 2147483647;
			files = (
				321C1A7127941335001D9AB7 /* Assets.xcassets in Resources */,
			);
			runOnlyForDeploymentPostprocessing = 0;
		};
		321C1A5027941335001D9AB7 /* Resources */ = {
			isa = PBXResourcesBuildPhase;
			buildActionMask = 2147483647;
			files = (
				321C1A7227941335001D9AB7 /* Assets.xcassets in Resources */,
			);
			runOnlyForDeploymentPostprocessing = 0;
		};
		321C1A5727941335001D9AB7 /* Resources */ = {
			isa = PBXResourcesBuildPhase;
			buildActionMask = 2147483647;
			files = (
			);
			runOnlyForDeploymentPostprocessing = 0;
		};
		321C1A6327941335001D9AB7 /* Resources */ = {
			isa = PBXResourcesBuildPhase;
			buildActionMask = 2147483647;
			files = (
			);
			runOnlyForDeploymentPostprocessing = 0;
		};
/* End PBXResourcesBuildPhase section */

/* Begin PBXShellScriptBuildPhase section */
		7DDB5A738A1046F21BBBB3BA /* [CP] Check Pods Manifest.lock */ = {
			isa = PBXShellScriptBuildPhase;
			buildActionMask = 2147483647;
			files = (
			);
			inputFileListPaths = (
			);
			inputPaths = (
				"${PODS_PODFILE_DIR_PATH}/Podfile.lock",
				"${PODS_ROOT}/Manifest.lock",
			);
			name = "[CP] Check Pods Manifest.lock";
			outputFileListPaths = (
			);
			outputPaths = (
				"$(DERIVED_FILE_DIR)/Pods-Training (iOS)-checkManifestLockResult.txt",
			);
			runOnlyForDeploymentPostprocessing = 0;
			shellPath = /bin/sh;
			shellScript = "diff \"${PODS_PODFILE_DIR_PATH}/Podfile.lock\" \"${PODS_ROOT}/Manifest.lock\" > /dev/null\nif [ $? != 0 ] ; then\n    # print error to STDERR\n    echo \"error: The sandbox is not in sync with the Podfile.lock. Run 'pod install' or update your CocoaPods installation.\" >&2\n    exit 1\nfi\n# This output is used by Xcode 'outputs' to avoid re-running this script phase.\necho \"SUCCESS\" > \"${SCRIPT_OUTPUT_FILE_0}\"\n";
			showEnvVarsInLog = 0;
		};
		A3297E47AB7362E407FB333B /* [CP] Check Pods Manifest.lock */ = {
			isa = PBXShellScriptBuildPhase;
			buildActionMask = 2147483647;
			files = (
			);
			inputFileListPaths = (
			);
			inputPaths = (
				"${PODS_PODFILE_DIR_PATH}/Podfile.lock",
				"${PODS_ROOT}/Manifest.lock",
			);
			name = "[CP] Check Pods Manifest.lock";
			outputFileListPaths = (
			);
			outputPaths = (
				"$(DERIVED_FILE_DIR)/Pods-Training (macOS)-checkManifestLockResult.txt",
			);
			runOnlyForDeploymentPostprocessing = 0;
			shellPath = /bin/sh;
			shellScript = "diff \"${PODS_PODFILE_DIR_PATH}/Podfile.lock\" \"${PODS_ROOT}/Manifest.lock\" > /dev/null\nif [ $? != 0 ] ; then\n    # print error to STDERR\n    echo \"error: The sandbox is not in sync with the Podfile.lock. Run 'pod install' or update your CocoaPods installation.\" >&2\n    exit 1\nfi\n# This output is used by Xcode 'outputs' to avoid re-running this script phase.\necho \"SUCCESS\" > \"${SCRIPT_OUTPUT_FILE_0}\"\n";
			showEnvVarsInLog = 0;
		};
/* End PBXShellScriptBuildPhase section */

/* Begin PBXSourcesBuildPhase section */
		321C1A4827941335001D9AB7 /* Sources */ = {
			isa = PBXSourcesBuildPhase;
			buildActionMask = 2147483647;
			files = (
				321C1A6F27941335001D9AB7 /* ContentView.swift in Sources */,
				321C1A6D27941335001D9AB7 /* TrainingApp.swift in Sources */,
			);
			runOnlyForDeploymentPostprocessing = 0;
		};
		321C1A4E27941335001D9AB7 /* Sources */ = {
			isa = PBXSourcesBuildPhase;
			buildActionMask = 2147483647;
			files = (
				321C1A7027941335001D9AB7 /* ContentView.swift in Sources */,
				321C1A6E27941335001D9AB7 /* TrainingApp.swift in Sources */,
			);
			runOnlyForDeploymentPostprocessing = 0;
		};
		321C1A5527941335001D9AB7 /* Sources */ = {
			isa = PBXSourcesBuildPhase;
			buildActionMask = 2147483647;
			files = (
				321C1A6027941335001D9AB7 /* Tests_iOSLaunchTests.swift in Sources */,
				321C1A5E27941335001D9AB7 /* Tests_iOS.swift in Sources */,
			);
			runOnlyForDeploymentPostprocessing = 0;
		};
		321C1A6127941335001D9AB7 /* Sources */ = {
			isa = PBXSourcesBuildPhase;
			buildActionMask = 2147483647;
			files = (
				321C1A6C27941335001D9AB7 /* Tests_macOSLaunchTests.swift in Sources */,
				321C1A6A27941335001D9AB7 /* Tests_macOS.swift in Sources */,
			);
			runOnlyForDeploymentPostprocessing = 0;
		};
/* End PBXSourcesBuildPhase section */

/* Begin PBXTargetDependency section */
		321C1A5B27941335001D9AB7 /* PBXTargetDependency */ = {
			isa = PBXTargetDependency;
			target = 321C1A4B27941335001D9AB7 /* Training (iOS) */;
			targetProxy = 321C1A5A27941335001D9AB7 /* PBXContainerItemProxy */;
		};
		321C1A6727941335001D9AB7 /* PBXTargetDependency */ = {
			isa = PBXTargetDependency;
			target = 321C1A5127941335001D9AB7 /* Training (macOS) */;
			targetProxy = 321C1A6627941335001D9AB7 /* PBXContainerItemProxy */;
		};
/* End PBXTargetDependency section */

/* Begin XCBuildConfiguration section */
		321C1A7327941335001D9AB7 /* Debug */ = {
			isa = XCBuildConfiguration;
			buildSettings = {
				ALWAYS_SEARCH_USER_PATHS = NO;
				CLANG_ANALYZER_NONNULL = YES;
				CLANG_ANALYZER_NUMBER_OBJECT_CONVERSION = YES_AGGRESSIVE;
				CLANG_CXX_LANGUAGE_STANDARD = "gnu++17";
				CLANG_CXX_LIBRARY = "libc++";
				CLANG_ENABLE_MODULES = YES;
				CLANG_ENABLE_OBJC_ARC = YES;
				CLANG_ENABLE_OBJC_WEAK = YES;
				CLANG_WARN_BLOCK_CAPTURE_AUTORELEASING = YES;
				CLANG_WARN_BOOL_CONVERSION = YES;
				CLANG_WARN_COMMA = YES;
				CLANG_WARN_CONSTANT_CONVERSION = YES;
				CLANG_WARN_DEPRECATED_OBJC_IMPLEMENTATIONS = YES;
				CLANG_WARN_DIRECT_OBJC_ISA_USAGE = YES_ERROR;
				CLANG_WARN_DOCUMENTATION_COMMENTS = YES;
				CLANG_WARN_EMPTY_BODY = YES;
				CLANG_WARN_ENUM_CONVERSION = YES;
				CLANG_WARN_INFINITE_RECURSION = YES;
				CLANG_WARN_INT_CONVERSION = YES;
				CLANG_WARN_NON_LITERAL_NULL_CONVERSION = YES;
				CLANG_WARN_OBJC_IMPLICIT_RETAIN_SELF = YES;
				CLANG_WARN_OBJC_LITERAL_CONVERSION = YES;
				CLANG_WARN_OBJC_ROOT_CLASS = YES_ERROR;
				CLANG_WARN_QUOTED_INCLUDE_IN_FRAMEWORK_HEADER = YES;
				CLANG_WARN_RANGE_LOOP_ANALYSIS = YES;
				CLANG_WARN_STRICT_PROTOTYPES = YES;
				CLANG_WARN_SUSPICIOUS_MOVE = YES;
				CLANG_WARN_UNGUARDED_AVAILABILITY = YES_AGGRESSIVE;
				CLANG_WARN_UNREACHABLE_CODE = YES;
				CLANG_WARN__DUPLICATE_METHOD_MATCH = YES;
				COPY_PHASE_STRIP = NO;
				DEBUG_INFORMATION_FORMAT = dwarf;
				ENABLE_STRICT_OBJC_MSGSEND = YES;
				ENABLE_TESTABILITY = YES;
				GCC_C_LANGUAGE_STANDARD = gnu11;
				GCC_DYNAMIC_NO_PIC = NO;
				GCC_NO_COMMON_BLOCKS = YES;
				GCC_OPTIMIZATION_LEVEL = 0;
				GCC_PREPROCESSOR_DEFINITIONS = (
					"DEBUG=1",
					"$(inherited)",
				);
				GCC_WARN_64_TO_32_BIT_CONVERSION = YES;
				GCC_WARN_ABOUT_RETURN_TYPE = YES_ERROR;
				GCC_WARN_UNDECLARED_SELECTOR = YES;
				GCC_WARN_UNINITIALIZED_AUTOS = YES_AGGRESSIVE;
				GCC_WARN_UNUSED_FUNCTION = YES;
				GCC_WARN_UNUSED_VARIABLE = YES;
				MTL_ENABLE_DEBUG_INFO = INCLUDE_SOURCE;
				MTL_FAST_MATH = YES;
				ONLY_ACTIVE_ARCH = YES;
				SWIFT_ACTIVE_COMPILATION_CONDITIONS = DEBUG;
				SWIFT_OPTIMIZATION_LEVEL = "-Onone";
			};
			name = Debug;
		};
		321C1A7427941335001D9AB7 /* Release */ = {
			isa = XCBuildConfiguration;
			buildSettings = {
				ALWAYS_SEARCH_USER_PATHS = NO;
				CLANG_ANALYZER_NONNULL = YES;
				CLANG_ANALYZER_NUMBER_OBJECT_CONVERSION = YES_AGGRESSIVE;
				CLANG_CXX_LANGUAGE_STANDARD = "gnu++17";
				CLANG_CXX_LIBRARY = "libc++";
				CLANG_ENABLE_MODULES = YES;
				CLANG_ENABLE_OBJC_ARC = YES;
				CLANG_ENABLE_OBJC_WEAK = YES;
				CLANG_WARN_BLOCK_CAPTURE_AUTORELEASING = YES;
				CLANG_WARN_BOOL_CONVERSION = YES;
				CLANG_WARN_COMMA = YES;
				CLANG_WARN_CONSTANT_CONVERSION = YES;
				CLANG_WARN_DEPRECATED_OBJC_IMPLEMENTATIONS = YES;
				CLANG_WARN_DIRECT_OBJC_ISA_USAGE = YES_ERROR;
				CLANG_WARN_DOCUMENTATION_COMMENTS = YES;
				CLANG_WARN_EMPTY_BODY = YES;
				CLANG_WARN_ENUM_CONVERSION = YES;
				CLANG_WARN_INFINITE_RECURSION = YES;
				CLANG_WARN_INT_CONVERSION = YES;
				CLANG_WARN_NON_LITERAL_NULL_CONVERSION = YES;
				CLANG_WARN_OBJC_IMPLICIT_RETAIN_SELF = YES;
				CLANG_WARN_OBJC_LITERAL_CONVERSION = YES;
				CLANG_WARN_OBJC_ROOT_CLASS = YES_ERROR;
				CLANG_WARN_QUOTED_INCLUDE_IN_FRAMEWORK_HEADER = YES;
				CLANG_WARN_RANGE_LOOP_ANALYSIS = YES;
				CLANG_WARN_STRICT_PROTOTYPES = YES;
				CLANG_WARN_SUSPICIOUS_MOVE = YES;
				CLANG_WARN_UNGUARDED_AVAILABILITY = YES_AGGRESSIVE;
				CLANG_WARN_UNREACHABLE_CODE = YES;
				CLANG_WARN__DUPLICATE_METHOD_MATCH = YES;
				COPY_PHASE_STRIP = NO;
				DEBUG_INFORMATION_FORMAT = "dwarf-with-dsym";
				ENABLE_NS_ASSERTIONS = NO;
				ENABLE_STRICT_OBJC_MSGSEND = YES;
				GCC_C_LANGUAGE_STANDARD = gnu11;
				GCC_NO_COMMON_BLOCKS = YES;
				GCC_WARN_64_TO_32_BIT_CONVERSION = YES;
				GCC_WARN_ABOUT_RETURN_TYPE = YES_ERROR;
				GCC_WARN_UNDECLARED_SELECTOR = YES;
				GCC_WARN_UNINITIALIZED_AUTOS = YES_AGGRESSIVE;
				GCC_WARN_UNUSED_FUNCTION = YES;
				GCC_WARN_UNUSED_VARIABLE = YES;
				MTL_ENABLE_DEBUG_INFO = NO;
				MTL_FAST_MATH = YES;
				SWIFT_COMPILATION_MODE = wholemodule;
				SWIFT_OPTIMIZATION_LEVEL = "-O";
			};
			name = Release;
		};
		321C1A7627941335001D9AB7 /* Debug */ = {
			isa = XCBuildConfiguration;
			baseConfigurationReference = 9AF62437E60758073EA018BF /* Pods-Training (iOS).debug.xcconfig */;
			buildSettings = {
				ASSETCATALOG_COMPILER_APPICON_NAME = AppIcon;
				ASSETCATALOG_COMPILER_GLOBAL_ACCENT_COLOR_NAME = AccentColor;
				CODE_SIGN_STYLE = Automatic;
				CURRENT_PROJECT_VERSION = 1;
				ENABLE_PREVIEWS = YES;
				GENERATE_INFOPLIST_FILE = YES;
				INFOPLIST_KEY_UIApplicationSceneManifest_Generation = YES;
				INFOPLIST_KEY_UIApplicationSupportsIndirectInputEvents = YES;
				INFOPLIST_KEY_UILaunchScreen_Generation = YES;
				INFOPLIST_KEY_UISupportedInterfaceOrientations_iPad = "UIInterfaceOrientationPortrait UIInterfaceOrientationPortraitUpsideDown UIInterfaceOrientationLandscapeLeft UIInterfaceOrientationLandscapeRight";
				INFOPLIST_KEY_UISupportedInterfaceOrientations_iPhone = "UIInterfaceOrientationPortrait UIInterfaceOrientationLandscapeLeft UIInterfaceOrientationLandscapeRight";
				IPHONEOS_DEPLOYMENT_TARGET = 15.2;
				LD_RUNPATH_SEARCH_PATHS = (
					"$(inherited)",
					"@executable_path/Frameworks",
				);
				MARKETING_VERSION = 1.0;
				PRODUCT_BUNDLE_IDENTIFIER = riku.Training;
				PRODUCT_NAME = Training;
				SDKROOT = iphoneos;
				SWIFT_EMIT_LOC_STRINGS = YES;
				SWIFT_VERSION = 5.0;
				TARGETED_DEVICE_FAMILY = "1,2";
			};
			name = Debug;
		};
		321C1A7727941335001D9AB7 /* Release */ = {
			isa = XCBuildConfiguration;
			baseConfigurationReference = 7EC28F85265AC1B96B859BF3 /* Pods-Training (iOS).release.xcconfig */;
			buildSettings = {
				ASSETCATALOG_COMPILER_APPICON_NAME = AppIcon;
				ASSETCATALOG_COMPILER_GLOBAL_ACCENT_COLOR_NAME = AccentColor;
				CODE_SIGN_STYLE = Automatic;
				CURRENT_PROJECT_VERSION = 1;
				ENABLE_PREVIEWS = YES;
				GENERATE_INFOPLIST_FILE = YES;
				INFOPLIST_KEY_UIApplicationSceneManifest_Generation = YES;
				INFOPLIST_KEY_UIApplicationSupportsIndirectInputEvents = YES;
				INFOPLIST_KEY_UILaunchScreen_Generation = YES;
				INFOPLIST_KEY_UISupportedInterfaceOrientations_iPad = "UIInterfaceOrientationPortrait UIInterfaceOrientationPortraitUpsideDown UIInterfaceOrientationLandscapeLeft UIInterfaceOrientationLandscapeRight";
				INFOPLIST_KEY_UISupportedInterfaceOrientations_iPhone = "UIInterfaceOrientationPortrait UIInterfaceOrientationLandscapeLeft UIInterfaceOrientationLandscapeRight";
				IPHONEOS_DEPLOYMENT_TARGET = 15.2;
				LD_RUNPATH_SEARCH_PATHS = (
					"$(inherited)",
					"@executable_path/Frameworks",
				);
				MARKETING_VERSION = 1.0;
				PRODUCT_BUNDLE_IDENTIFIER = riku.Training;
				PRODUCT_NAME = Training;
				SDKROOT = iphoneos;
				SWIFT_EMIT_LOC_STRINGS = YES;
				SWIFT_VERSION = 5.0;
				TARGETED_DEVICE_FAMILY = "1,2";
				VALIDATE_PRODUCT = YES;
			};
			name = Release;
		};
		321C1A7927941335001D9AB7 /* Debug */ = {
			isa = XCBuildConfiguration;
			baseConfigurationReference = 2FAC1AEFD8046876552A48B1 /* Pods-Training (macOS).debug.xcconfig */;
			buildSettings = {
				ASSETCATALOG_COMPILER_APPICON_NAME = AppIcon;
				ASSETCATALOG_COMPILER_GLOBAL_ACCENT_COLOR_NAME = AccentColor;
				CODE_SIGN_ENTITLEMENTS = macOS/macOS.entitlements;
				CODE_SIGN_STYLE = Automatic;
				COMBINE_HIDPI_IMAGES = YES;
				CURRENT_PROJECT_VERSION = 1;
				ENABLE_PREVIEWS = YES;
				GENERATE_INFOPLIST_FILE = YES;
				INFOPLIST_KEY_NSHumanReadableCopyright = "";
				LD_RUNPATH_SEARCH_PATHS = (
					"$(inherited)",
					"@executable_path/../Frameworks",
				);
				MACOSX_DEPLOYMENT_TARGET = 12.1;
				MARKETING_VERSION = 1.0;
				PRODUCT_BUNDLE_IDENTIFIER = riku.Training;
				PRODUCT_NAME = Training;
				SDKROOT = macosx;
				SWIFT_EMIT_LOC_STRINGS = YES;
				SWIFT_VERSION = 5.0;
			};
			name = Debug;
		};
		321C1A7A27941335001D9AB7 /* Release */ = {
			isa = XCBuildConfiguration;
			baseConfigurationReference = 6DF7819581314E3FA3C9D95B /* Pods-Training (macOS).release.xcconfig */;
			buildSettings = {
				ASSETCATALOG_COMPILER_APPICON_NAME = AppIcon;
				ASSETCATALOG_COMPILER_GLOBAL_ACCENT_COLOR_NAME = AccentColor;
				CODE_SIGN_ENTITLEMENTS = macOS/macOS.entitlements;
				CODE_SIGN_STYLE = Automatic;
				COMBINE_HIDPI_IMAGES = YES;
				CURRENT_PROJECT_VERSION = 1;
				ENABLE_PREVIEWS = YES;
				GENERATE_INFOPLIST_FILE = YES;
				INFOPLIST_KEY_NSHumanReadableCopyright = "";
				LD_RUNPATH_SEARCH_PATHS = (
					"$(inherited)",
					"@executable_path/../Frameworks",
				);
				MACOSX_DEPLOYMENT_TARGET = 12.1;
				MARKETING_VERSION = 1.0;
				PRODUCT_BUNDLE_IDENTIFIER = riku.Training;
				PRODUCT_NAME = Training;
				SDKROOT = macosx;
				SWIFT_EMIT_LOC_STRINGS = YES;
				SWIFT_VERSION = 5.0;
			};
			name = Release;
		};
		321C1A7C27941335001D9AB7 /* Debug */ = {
			isa = XCBuildConfiguration;
			buildSettings = {
				ALWAYS_EMBED_SWIFT_STANDARD_LIBRARIES = YES;
				CODE_SIGN_STYLE = Automatic;
				CURRENT_PROJECT_VERSION = 1;
				GENERATE_INFOPLIST_FILE = YES;
				IPHONEOS_DEPLOYMENT_TARGET = 15.2;
				MARKETING_VERSION = 1.0;
				PRODUCT_BUNDLE_IDENTIFIER = "riku.Tests-iOS";
				PRODUCT_NAME = "$(TARGET_NAME)";
				SDKROOT = iphoneos;
				SWIFT_EMIT_LOC_STRINGS = NO;
				SWIFT_VERSION = 5.0;
				TARGETED_DEVICE_FAMILY = "1,2";
				TEST_TARGET_NAME = "Training (iOS)";
			};
			name = Debug;
		};
		321C1A7D27941335001D9AB7 /* Release */ = {
			isa = XCBuildConfiguration;
			buildSettings = {
				ALWAYS_EMBED_SWIFT_STANDARD_LIBRARIES = YES;
				CODE_SIGN_STYLE = Automatic;
				CURRENT_PROJECT_VERSION = 1;
				GENERATE_INFOPLIST_FILE = YES;
				IPHONEOS_DEPLOYMENT_TARGET = 15.2;
				MARKETING_VERSION = 1.0;
				PRODUCT_BUNDLE_IDENTIFIER = "riku.Tests-iOS";
				PRODUCT_NAME = "$(TARGET_NAME)";
				SDKROOT = iphoneos;
				SWIFT_EMIT_LOC_STRINGS = NO;
				SWIFT_VERSION = 5.0;
				TARGETED_DEVICE_FAMILY = "1,2";
				TEST_TARGET_NAME = "Training (iOS)";
				VALIDATE_PRODUCT = YES;
			};
			name = Release;
		};
		321C1A7F27941335001D9AB7 /* Debug */ = {
			isa = XCBuildConfiguration;
			buildSettings = {
				ALWAYS_EMBED_SWIFT_STANDARD_LIBRARIES = YES;
				CODE_SIGN_STYLE = Automatic;
				CURRENT_PROJECT_VERSION = 1;
				GENERATE_INFOPLIST_FILE = YES;
				MACOSX_DEPLOYMENT_TARGET = 12.1;
				MARKETING_VERSION = 1.0;
				PRODUCT_BUNDLE_IDENTIFIER = "riku.Tests-macOS";
				PRODUCT_NAME = "$(TARGET_NAME)";
				SDKROOT = macosx;
				SWIFT_EMIT_LOC_STRINGS = NO;
				SWIFT_VERSION = 5.0;
				TEST_TARGET_NAME = "Training (macOS)";
			};
			name = Debug;
		};
		321C1A8027941335001D9AB7 /* Release */ = {
			isa = XCBuildConfiguration;
			buildSettings = {
				ALWAYS_EMBED_SWIFT_STANDARD_LIBRARIES = YES;
				CODE_SIGN_STYLE = Automatic;
				CURRENT_PROJECT_VERSION = 1;
				GENERATE_INFOPLIST_FILE = YES;
				MACOSX_DEPLOYMENT_TARGET = 12.1;
				MARKETING_VERSION = 1.0;
				PRODUCT_BUNDLE_IDENTIFIER = "riku.Tests-macOS";
				PRODUCT_NAME = "$(TARGET_NAME)";
				SDKROOT = macosx;
				SWIFT_EMIT_LOC_STRINGS = NO;
				SWIFT_VERSION = 5.0;
				TEST_TARGET_NAME = "Training (macOS)";
			};
			name = Release;
		};
/* End XCBuildConfiguration section */

/* Begin XCConfigurationList section */
		321C1A4327941334001D9AB7 /* Build configuration list for PBXProject "Training" */ = {
			isa = XCConfigurationList;
			buildConfigurations = (
				321C1A7327941335001D9AB7 /* Debug */,
				321C1A7427941335001D9AB7 /* Release */,
			);
			defaultConfigurationIsVisible = 0;
			defaultConfigurationName = Release;
		};
		321C1A7527941335001D9AB7 /* Build configuration list for PBXNativeTarget "Training (iOS)" */ = {
			isa = XCConfigurationList;
			buildConfigurations = (
				321C1A7627941335001D9AB7 /* Debug */,
				321C1A7727941335001D9AB7 /* Release */,
			);
			defaultConfigurationIsVisible = 0;
			defaultConfigurationName = Release;
		};
		321C1A7827941335001D9AB7 /* Build configuration list for PBXNativeTarget "Training (macOS)" */ = {
			isa = XCConfigurationList;
			buildConfigurations = (
				321C1A7927941335001D9AB7 /* Debug */,
				321C1A7A27941335001D9AB7 /* Release */,
			);
			defaultConfigurationIsVisible = 0;
			defaultConfigurationName = Release;
		};
		321C1A7B27941335001D9AB7 /* Build configuration list for PBXNativeTarget "Tests iOS" */ = {
			isa = XCConfigurationList;
			buildConfigurations = (
				321C1A7C27941335001D9AB7 /* Debug */,
				321C1A7D27941335001D9AB7 /* Release */,
			);
			defaultConfigurationIsVisible = 0;
			defaultConfigurationName = Release;
		};
		321C1A7E27941335001D9AB7 /* Build configuration list for PBXNativeTarget "Tests macOS" */ = {
			isa = XCConfigurationList;
			buildConfigurations = (
				321C1A7F27941335001D9AB7 /* Debug */,
				321C1A8027941335001D9AB7 /* Release */,
			);
			defaultConfigurationIsVisible = 0;
			defaultConfigurationName = Release;
		};
/* End XCConfigurationList section */

/* Begin XCRemoteSwiftPackageReference section */
		321C1A81279413B3001D9AB7 /* XCRemoteSwiftPackageReference "ios-training.git" */ = {
			isa = XCRemoteSwiftPackageReference;
			repositoryURL = "https://github.com/yumemi-inc/ios-training.git";
			requirement = {
				branch = main;
				kind = branch;
			};
		};
/* End XCRemoteSwiftPackageReference section */

/* Begin XCSwiftPackageProductDependency section */
		321C1A82279413B3001D9AB7 /* YumemiWeather */ = {
			isa = XCSwiftPackageProductDependency;
			package = 321C1A81279413B3001D9AB7 /* XCRemoteSwiftPackageReference "ios-training.git" */;
			productName = YumemiWeather;
		};
/* End XCSwiftPackageProductDependency section */
	};
	rootObject = 321C1A4027941334001D9AB7 /* Project object */;
}
